// !$*UTF8*$!
{
	archiveVersion = 1;
	classes = {
	};
	objectVersion = 46;
	objects = {

/* Begin PBXBuildFile section */
		0F440CC015AE0EAA00FA2EA2 /* CoreData.framework in Frameworks */ = {isa = PBXBuildFile; fileRef = 0F440CBF15AE0EAA00FA2EA2 /* CoreData.framework */; };
		0F440CC215AE0EAA00FA2EA2 /* SystemConfiguration.framework in Frameworks */ = {isa = PBXBuildFile; fileRef = 0F440CC115AE0EAA00FA2EA2 /* SystemConfiguration.framework */; };
		0F440CC415AE0EAA00FA2EA2 /* Security.framework in Frameworks */ = {isa = PBXBuildFile; fileRef = 0F440CC315AE0EAA00FA2EA2 /* Security.framework */; };
		0F440CC615AE0EAA00FA2EA2 /* UIKit.framework in Frameworks */ = {isa = PBXBuildFile; fileRef = 0F440CC515AE0EAA00FA2EA2 /* UIKit.framework */; };
		0F440CC815AE0EAA00FA2EA2 /* Foundation.framework in Frameworks */ = {isa = PBXBuildFile; fileRef = 0F440CC715AE0EAA00FA2EA2 /* Foundation.framework */; };
		0F440CCA15AE0EAA00FA2EA2 /* CoreGraphics.framework in Frameworks */ = {isa = PBXBuildFile; fileRef = 0F440CC915AE0EAA00FA2EA2 /* CoreGraphics.framework */; };
		0F440CCC15AE0EAA00FA2EA2 /* CFNetwork.framework in Frameworks */ = {isa = PBXBuildFile; fileRef = 0F440CCB15AE0EAA00FA2EA2 /* CFNetwork.framework */; };
		0F440CCE15AE0EAA00FA2EA2 /* MobileCoreServices.framework in Frameworks */ = {isa = PBXBuildFile; fileRef = 0F440CCD15AE0EAA00FA2EA2 /* MobileCoreServices.framework */; };
		0F440CD415AE0EAA00FA2EA2 /* InfoPlist.strings in Resources */ = {isa = PBXBuildFile; fileRef = 0F440CD215AE0EAA00FA2EA2 /* InfoPlist.strings */; };
		0F440CD615AE0EAA00FA2EA2 /* main.m in Sources */ = {isa = PBXBuildFile; fileRef = 0F440CD515AE0EAA00FA2EA2 /* main.m */; };
		0F440CD815AE0EAA00FA2EA2 /* Scan-Prefix.pch in Resources */ = {isa = PBXBuildFile; fileRef = 0F440CD715AE0EAA00FA2EA2 /* Scan-Prefix.pch */; };
		0F440D2F15AE0EAB00FA2EA2 /* libRestKit.a in Frameworks */ = {isa = PBXBuildFile; fileRef = 0F440D2E15AE0EAB00FA2EA2 /* libRestKit.a */; };
		0F440D3615AE0EAB00FA2EA2 /* libSalesforceOAuth.a in Frameworks */ = {isa = PBXBuildFile; fileRef = 0F440D3515AE0EAB00FA2EA2 /* libSalesforceOAuth.a */; };
		0F440D4715AE0EAB00FA2EA2 /* libSalesforceSDK.a in Frameworks */ = {isa = PBXBuildFile; fileRef = 0F440D4615AE0EAB00FA2EA2 /* libSalesforceSDK.a */; };
		0F440D4B15AE0EAB00FA2EA2 /* icon-72.png in Resources */ = {isa = PBXBuildFile; fileRef = 0F440D4A15AE0EAB00FA2EA2 /* icon-72.png */; };
		0F440D4D15AE0EAB00FA2EA2 /* icon.png in Resources */ = {isa = PBXBuildFile; fileRef = 0F440D4C15AE0EAB00FA2EA2 /* icon.png */; };
		0F440D4F15AE0EAB00FA2EA2 /* icon@2x.png in Resources */ = {isa = PBXBuildFile; fileRef = 0F440D4E15AE0EAB00FA2EA2 /* icon@2x.png */; };
		0F440D5215AE0EAB00FA2EA2 /* Default-Landscape~ipad.png in Resources */ = {isa = PBXBuildFile; fileRef = 0F440D5115AE0EAB00FA2EA2 /* Default-Landscape~ipad.png */; };
		0F440D5415AE0EAB00FA2EA2 /* Default-Portrait~ipad.png in Resources */ = {isa = PBXBuildFile; fileRef = 0F440D5315AE0EAB00FA2EA2 /* Default-Portrait~ipad.png */; };
		0F440D5615AE0EAB00FA2EA2 /* Default.png in Resources */ = {isa = PBXBuildFile; fileRef = 0F440D5515AE0EAB00FA2EA2 /* Default.png */; };
		0F440D5815AE0EAB00FA2EA2 /* Default@2x.png in Resources */ = {isa = PBXBuildFile; fileRef = 0F440D5715AE0EAB00FA2EA2 /* Default@2x.png */; };
		0F440D5A15AE0EAB00FA2EA2 /* Default~iPad.png in Resources */ = {isa = PBXBuildFile; fileRef = 0F440D5915AE0EAB00FA2EA2 /* Default~iPad.png */; };
		0F440D5C15AE0EAB00FA2EA2 /* readme.txt in Resources */ = {isa = PBXBuildFile; fileRef = 0F440D5B15AE0EAB00FA2EA2 /* readme.txt */; };
		0F440D6015AE0EAB00FA2EA2 /* AppDelegate.m in Sources */ = {isa = PBXBuildFile; fileRef = 0F440D5F15AE0EAB00FA2EA2 /* AppDelegate.m */; };
		0F440D6315AE0EAB00FA2EA2 /* RootViewController.m in Sources */ = {isa = PBXBuildFile; fileRef = 0F440D6215AE0EAB00FA2EA2 /* RootViewController.m */; };
		0F440D6615AE0EAB00FA2EA2 /* SFAuthorizingViewController.xib in Resources */ = {isa = PBXBuildFile; fileRef = 0F440D6515AE0EAB00FA2EA2 /* SFAuthorizingViewController.xib */; };
		0F440D6815AE0EAB00FA2EA2 /* SFNativeRootViewController.xib in Resources */ = {isa = PBXBuildFile; fileRef = 0F440D6715AE0EAB00FA2EA2 /* SFNativeRootViewController.xib */; };
		0F440D6A15AE0EAB00FA2EA2 /* libxml2.dylib in Frameworks */ = {isa = PBXBuildFile; fileRef = 0F440D6915AE0EAB00FA2EA2 /* libxml2.dylib */; };
		0F440D6C15AE0EAB00FA2EA2 /* libsqlite3.dylib in Frameworks */ = {isa = PBXBuildFile; fileRef = 0F440D6B15AE0EAB00FA2EA2 /* libsqlite3.dylib */; };
		0F440D6E15AE0EAB00FA2EA2 /* libz.dylib in Frameworks */ = {isa = PBXBuildFile; fileRef = 0F440D6D15AE0EAB00FA2EA2 /* libz.dylib */; };
		0F440D7015AE0EAB00FA2EA2 /* Settings.bundle in Resources */ = {isa = PBXBuildFile; fileRef = 0F440D6F15AE0EAB00FA2EA2 /* Settings.bundle */; };
/* End PBXBuildFile section */

/* Begin PBXFileReference section */
		0F440CBB15AE0EAA00FA2EA2 /* Scan.app */ = {isa = PBXFileReference; explicitFileType = wrapper.application; includeInIndex = 0; path = Scan.app; sourceTree = BUILT_PRODUCTS_DIR; };
		0F440CBF15AE0EAA00FA2EA2 /* CoreData.framework */ = {isa = PBXFileReference; lastKnownFileType = wrapper.framework; name = CoreData.framework; path = System/Library/Frameworks/CoreData.framework; sourceTree = SDKROOT; };
		0F440CC115AE0EAA00FA2EA2 /* SystemConfiguration.framework */ = {isa = PBXFileReference; lastKnownFileType = wrapper.framework; name = SystemConfiguration.framework; path = System/Library/Frameworks/SystemConfiguration.framework; sourceTree = SDKROOT; };
		0F440CC315AE0EAA00FA2EA2 /* Security.framework */ = {isa = PBXFileReference; lastKnownFileType = wrapper.framework; name = Security.framework; path = System/Library/Frameworks/Security.framework; sourceTree = SDKROOT; };
		0F440CC515AE0EAA00FA2EA2 /* UIKit.framework */ = {isa = PBXFileReference; lastKnownFileType = wrapper.framework; name = UIKit.framework; path = System/Library/Frameworks/UIKit.framework; sourceTree = SDKROOT; };
		0F440CC715AE0EAA00FA2EA2 /* Foundation.framework */ = {isa = PBXFileReference; lastKnownFileType = wrapper.framework; name = Foundation.framework; path = System/Library/Frameworks/Foundation.framework; sourceTree = SDKROOT; };
		0F440CC915AE0EAA00FA2EA2 /* CoreGraphics.framework */ = {isa = PBXFileReference; lastKnownFileType = wrapper.framework; name = CoreGraphics.framework; path = System/Library/Frameworks/CoreGraphics.framework; sourceTree = SDKROOT; };
		0F440CCB15AE0EAA00FA2EA2 /* CFNetwork.framework */ = {isa = PBXFileReference; lastKnownFileType = wrapper.framework; name = CFNetwork.framework; path = System/Library/Frameworks/CFNetwork.framework; sourceTree = SDKROOT; };
		0F440CCD15AE0EAA00FA2EA2 /* MobileCoreServices.framework */ = {isa = PBXFileReference; lastKnownFileType = wrapper.framework; name = MobileCoreServices.framework; path = System/Library/Frameworks/MobileCoreServices.framework; sourceTree = SDKROOT; };
		0F440CD115AE0EAA00FA2EA2 /* Scan-Info.plist */ = {isa = PBXFileReference; path = "Scan-Info.plist"; sourceTree = "<group>"; };
		0F440CD315AE0EAA00FA2EA2 /* en */ = {isa = PBXFileReference; lastKnownFileType = text.plist.strings; name = en; path = en.lproj/InfoPlist.strings; sourceTree = "<group>"; };
		0F440CD515AE0EAA00FA2EA2 /* main.m */ = {isa = PBXFileReference; lastKnownFileType = sourcecode.c.objc; path = main.m; sourceTree = "<group>"; };
		0F440CD715AE0EAA00FA2EA2 /* Scan-Prefix.pch */ = {isa = PBXFileReference; lastKnownFileType = sourcecode.c.h; path = "Scan-Prefix.pch"; sourceTree = "<group>"; };
		0F440CDD15AE0EAA00FA2EA2 /* CoreData.h */ = {isa = PBXFileReference; name = CoreData.h; path = dependencies/RestKit/include/RestKit/CoreData.h; sourceTree = "<group>"; };
		0F440CDE15AE0EAA00FA2EA2 /* Errors.h */ = {isa = PBXFileReference; name = Errors.h; path = dependencies/RestKit/include/RestKit/Errors.h; sourceTree = "<group>"; };
		0F440CDF15AE0EAA00FA2EA2 /* FileMD5Hash.h */ = {isa = PBXFileReference; name = FileMD5Hash.h; path = dependencies/RestKit/include/RestKit/FileMD5Hash.h; sourceTree = "<group>"; };
		0F440CE015AE0EAA00FA2EA2 /* GCOAuth.h */ = {isa = PBXFileReference; name = GCOAuth.h; path = dependencies/RestKit/include/RestKit/GCOAuth.h; sourceTree = "<group>"; };
		0F440CE115AE0EAA00FA2EA2 /* JSONKit.h */ = {isa = PBXFileReference; name = JSONKit.h; path = dependencies/RestKit/include/RestKit/JSONKit.h; sourceTree = "<group>"; };
		0F440CE215AE0EAA00FA2EA2 /* lcl.h */ = {isa = PBXFileReference; name = lcl.h; path = dependencies/RestKit/include/RestKit/lcl.h; sourceTree = "<group>"; };
		0F440CE315AE0EAB00FA2EA2 /* lcl_config_components.h */ = {isa = PBXFileReference; name = lcl_config_components.h; path = dependencies/RestKit/include/RestKit/lcl_config_components.h; sourceTree = "<group>"; };
		0F440CE415AE0EAB00FA2EA2 /* lcl_config_components.template.h */ = {isa = PBXFileReference; name = lcl_config_components.template.h; path = dependencies/RestKit/include/RestKit/lcl_config_components.template.h; sourceTree = "<group>"; };
		0F440CE515AE0EAB00FA2EA2 /* lcl_config_extensions.h */ = {isa = PBXFileReference; name = lcl_config_extensions.h; path = dependencies/RestKit/include/RestKit/lcl_config_extensions.h; sourceTree = "<group>"; };
		0F440CE615AE0EAB00FA2EA2 /* lcl_config_extensions.template.h */ = {isa = PBXFileReference; name = lcl_config_extensions.template.h; path = dependencies/RestKit/include/RestKit/lcl_config_extensions.template.h; sourceTree = "<group>"; };
		0F440CE715AE0EAB00FA2EA2 /* lcl_config_logger.h */ = {isa = PBXFileReference; name = lcl_config_logger.h; path = dependencies/RestKit/include/RestKit/lcl_config_logger.h; sourceTree = "<group>"; };
		0F440CE815AE0EAB00FA2EA2 /* lcl_config_logger.template.h */ = {isa = PBXFileReference; name = lcl_config_logger.template.h; path = dependencies/RestKit/include/RestKit/lcl_config_logger.template.h; sourceTree = "<group>"; };
		0F440CE915AE0EAB00FA2EA2 /* LCLNSLog.h */ = {isa = PBXFileReference; name = LCLNSLog.h; path = dependencies/RestKit/include/RestKit/LCLNSLog.h; sourceTree = "<group>"; };
		0F440CEA15AE0EAB00FA2EA2 /* Network.h */ = {isa = PBXFileReference; name = Network.h; path = dependencies/RestKit/include/RestKit/Network.h; sourceTree = "<group>"; };
		0F440CEB15AE0EAB00FA2EA2 /* NSData+Base64.h */ = {isa = PBXFileReference; name = "NSData+Base64.h"; path = "dependencies/RestKit/include/RestKit/NSData+Base64.h"; sourceTree = "<group>"; };
		0F440CEC15AE0EAB00FA2EA2 /* NSData+MD5.h */ = {isa = PBXFileReference; name = "NSData+MD5.h"; path = "dependencies/RestKit/include/RestKit/NSData+MD5.h"; sourceTree = "<group>"; };
		0F440CED15AE0EAB00FA2EA2 /* NSDictionary+RKAdditions.h */ = {isa = PBXFileReference; name = "NSDictionary+RKAdditions.h"; path = "dependencies/RestKit/include/RestKit/NSDictionary+RKAdditions.h"; sourceTree = "<group>"; };
		0F440CEE15AE0EAB00FA2EA2 /* NSDictionary+RKRequestSerialization.h */ = {isa = PBXFileReference; name = "NSDictionary+RKRequestSerialization.h"; path = "dependencies/RestKit/include/RestKit/NSDictionary+RKRequestSerialization.h"; sourceTree = "<group>"; };
		0F440CEF15AE0EAB00FA2EA2 /* NSManagedObject+ActiveRecord.h */ = {isa = PBXFileReference; name = "NSManagedObject+ActiveRecord.h"; path = "dependencies/RestKit/include/RestKit/NSManagedObject+ActiveRecord.h"; sourceTree = "<group>"; };
		0F440CF015AE0EAB00FA2EA2 /* NSString+MD5.h */ = {isa = PBXFileReference; name = "NSString+MD5.h"; path = "dependencies/RestKit/include/RestKit/NSString+MD5.h"; sourceTree = "<group>"; };
		0F440CF115AE0EAB00FA2EA2 /* NSString+RestKit.h */ = {isa = PBXFileReference; name = "NSString+RestKit.h"; path = "dependencies/RestKit/include/RestKit/NSString+RestKit.h"; sourceTree = "<group>"; };
		0F440CF215AE0EAB00FA2EA2 /* NSURL+RestKit.h */ = {isa = PBXFileReference; name = "NSURL+RestKit.h"; path = "dependencies/RestKit/include/RestKit/NSURL+RestKit.h"; sourceTree = "<group>"; };
		0F440CF315AE0EAB00FA2EA2 /* ObjectMapping.h */ = {isa = PBXFileReference; name = ObjectMapping.h; path = dependencies/RestKit/include/RestKit/ObjectMapping.h; sourceTree = "<group>"; };
		0F440CF415AE0EAB00FA2EA2 /* RestKit.h */ = {isa = PBXFileReference; name = RestKit.h; path = dependencies/RestKit/include/RestKit/RestKit.h; sourceTree = "<group>"; };
		0F440CF515AE0EAB00FA2EA2 /* RKAlert.h */ = {isa = PBXFileReference; name = RKAlert.h; path = dependencies/RestKit/include/RestKit/RKAlert.h; sourceTree = "<group>"; };
		0F440CF615AE0EAB00FA2EA2 /* RKClient.h */ = {isa = PBXFileReference; name = RKClient.h; path = dependencies/RestKit/include/RestKit/RKClient.h; sourceTree = "<group>"; };
		0F440CF715AE0EAB00FA2EA2 /* RKConfigurationDelegate.h */ = {isa = PBXFileReference; name = RKConfigurationDelegate.h; path = dependencies/RestKit/include/RestKit/RKConfigurationDelegate.h; sourceTree = "<group>"; };
		0F440CF815AE0EAB00FA2EA2 /* RKDirectory.h */ = {isa = PBXFileReference; name = RKDirectory.h; path = dependencies/RestKit/include/RestKit/RKDirectory.h; sourceTree = "<group>"; };
		0F440CF915AE0EAB00FA2EA2 /* RKDotNetDateFormatter.h */ = {isa = PBXFileReference; name = RKDotNetDateFormatter.h; path = dependencies/RestKit/include/RestKit/RKDotNetDateFormatter.h; sourceTree = "<group>"; };
		0F440CFA15AE0EAB00FA2EA2 /* RKDynamicObjectMapping.h */ = {isa = PBXFileReference; name = RKDynamicObjectMapping.h; path = dependencies/RestKit/include/RestKit/RKDynamicObjectMapping.h; sourceTree = "<group>"; };
		0F440CFB15AE0EAB00FA2EA2 /* RKErrorMessage.h */ = {isa = PBXFileReference; name = RKErrorMessage.h; path = dependencies/RestKit/include/RestKit/RKErrorMessage.h; sourceTree = "<group>"; };
		0F440CFC15AE0EAB00FA2EA2 /* RKFixCategoryBug.h */ = {isa = PBXFileReference; name = RKFixCategoryBug.h; path = dependencies/RestKit/include/RestKit/RKFixCategoryBug.h; sourceTree = "<group>"; };
		0F440CFD15AE0EAB00FA2EA2 /* RKJSONParserJSONKit.h */ = {isa = PBXFileReference; name = RKJSONParserJSONKit.h; path = dependencies/RestKit/include/RestKit/RKJSONParserJSONKit.h; sourceTree = "<group>"; };
		0F440CFE15AE0EAB00FA2EA2 /* RKLog.h */ = {isa = PBXFileReference; name = RKLog.h; path = dependencies/RestKit/include/RestKit/RKLog.h; sourceTree = "<group>"; };
		0F440CFF15AE0EAB00FA2EA2 /* RKManagedObjectCache.h */ = {isa = PBXFileReference; name = RKManagedObjectCache.h; path = dependencies/RestKit/include/RestKit/RKManagedObjectCache.h; sourceTree = "<group>"; };
		0F440D0015AE0EAB00FA2EA2 /* RKManagedObjectLoader.h */ = {isa = PBXFileReference; name = RKManagedObjectLoader.h; path = dependencies/RestKit/include/RestKit/RKManagedObjectLoader.h; sourceTree = "<group>"; };
		0F440D0115AE0EAB00FA2EA2 /* RKManagedObjectMapping.h */ = {isa = PBXFileReference; name = RKManagedObjectMapping.h; path = dependencies/RestKit/include/RestKit/RKManagedObjectMapping.h; sourceTree = "<group>"; };
		0F440D0215AE0EAB00FA2EA2 /* RKManagedObjectMappingOperation.h */ = {isa = PBXFileReference; name = RKManagedObjectMappingOperation.h; path = dependencies/RestKit/include/RestKit/RKManagedObjectMappingOperation.h; sourceTree = "<group>"; };
		0F440D0315AE0EAB00FA2EA2 /* RKManagedObjectSeeder.h */ = {isa = PBXFileReference; name = RKManagedObjectSeeder.h; path = dependencies/RestKit/include/RestKit/RKManagedObjectSeeder.h; sourceTree = "<group>"; };
		0F440D0415AE0EAB00FA2EA2 /* RKManagedObjectStore.h */ = {isa = PBXFileReference; name = RKManagedObjectStore.h; path = dependencies/RestKit/include/RestKit/RKManagedObjectStore.h; sourceTree = "<group>"; };
		0F440D0515AE0EAB00FA2EA2 /* RKManagedObjectThreadSafeInvocation.h */ = {isa = PBXFileReference; name = RKManagedObjectThreadSafeInvocation.h; path = dependencies/RestKit/include/RestKit/RKManagedObjectThreadSafeInvocation.h; sourceTree = "<group>"; };
		0F440D0615AE0EAB00FA2EA2 /* RKMappingOperationQueue.h */ = {isa = PBXFileReference; name = RKMappingOperationQueue.h; path = dependencies/RestKit/include/RestKit/RKMappingOperationQueue.h; sourceTree = "<group>"; };
		0F440D0715AE0EAB00FA2EA2 /* RKMIMETypes.h */ = {isa = PBXFileReference; name = RKMIMETypes.h; path = dependencies/RestKit/include/RestKit/RKMIMETypes.h; sourceTree = "<group>"; };
		0F440D0815AE0EAB00FA2EA2 /* RKNotifications.h */ = {isa = PBXFileReference; name = RKNotifications.h; path = dependencies/RestKit/include/RestKit/RKNotifications.h; sourceTree = "<group>"; };
		0F440D0915AE0EAB00FA2EA2 /* RKOAuthClient.h */ = {isa = PBXFileReference; name = RKOAuthClient.h; path = dependencies/RestKit/include/RestKit/RKOAuthClient.h; sourceTree = "<group>"; };
		0F440D0A15AE0EAB00FA2EA2 /* RKObjectAttributeMapping.h */ = {isa = PBXFileReference; name = RKObjectAttributeMapping.h; path = dependencies/RestKit/include/RestKit/RKObjectAttributeMapping.h; sourceTree = "<group>"; };
		0F440D0B15AE0EAB00FA2EA2 /* RKObjectLoader.h */ = {isa = PBXFileReference; name = RKObjectLoader.h; path = dependencies/RestKit/include/RestKit/RKObjectLoader.h; sourceTree = "<group>"; };
		0F440D0C15AE0EAB00FA2EA2 /* RKObjectLoader_Internals.h */ = {isa = PBXFileReference; name = RKObjectLoader_Internals.h; path = dependencies/RestKit/include/RestKit/RKObjectLoader_Internals.h; sourceTree = "<group>"; };
		0F440D0D15AE0EAB00FA2EA2 /* RKObjectManager.h */ = {isa = PBXFileReference; name = RKObjectManager.h; path = dependencies/RestKit/include/RestKit/RKObjectManager.h; sourceTree = "<group>"; };
		0F440D0E15AE0EAB00FA2EA2 /* RKObjectMapper.h */ = {isa = PBXFileReference; name = RKObjectMapper.h; path = dependencies/RestKit/include/RestKit/RKObjectMapper.h; sourceTree = "<group>"; };
		0F440D0F15AE0EAB00FA2EA2 /* RKObjectMapper_Private.h */ = {isa = PBXFileReference; name = RKObjectMapper_Private.h; path = dependencies/RestKit/include/RestKit/RKObjectMapper_Private.h; sourceTree = "<group>"; };
		0F440D1015AE0EAB00FA2EA2 /* RKObjectMapperError.h */ = {isa = PBXFileReference; name = RKObjectMapperError.h; path = dependencies/RestKit/include/RestKit/RKObjectMapperError.h; sourceTree = "<group>"; };
		0F440D1115AE0EAB00FA2EA2 /* RKObjectMapping.h */ = {isa = PBXFileReference; name = RKObjectMapping.h; path = dependencies/RestKit/include/RestKit/RKObjectMapping.h; sourceTree = "<group>"; };
		0F440D1215AE0EAB00FA2EA2 /* RKObjectMappingDefinition.h */ = {isa = PBXFileReference; name = RKObjectMappingDefinition.h; path = dependencies/RestKit/include/RestKit/RKObjectMappingDefinition.h; sourceTree = "<group>"; };
		0F440D1315AE0EAB00FA2EA2 /* RKObjectMappingOperation.h */ = {isa = PBXFileReference; name = RKObjectMappingOperation.h; path = dependencies/RestKit/include/RestKit/RKObjectMappingOperation.h; sourceTree = "<group>"; };
		0F440D1415AE0EAB00FA2EA2 /* RKObjectMappingProvider.h */ = {isa = PBXFileReference; name = RKObjectMappingProvider.h; path = dependencies/RestKit/include/RestKit/RKObjectMappingProvider.h; sourceTree = "<group>"; };
		0F440D1515AE0EAB00FA2EA2 /* RKObjectMappingResult.h */ = {isa = PBXFileReference; name = RKObjectMappingResult.h; path = dependencies/RestKit/include/RestKit/RKObjectMappingResult.h; sourceTree = "<group>"; };
		0F440D1615AE0EAB00FA2EA2 /* RKObjectPropertyInspector+CoreData.h */ = {isa = PBXFileReference; name = "RKObjectPropertyInspector+CoreData.h"; path = "dependencies/RestKit/include/RestKit/RKObjectPropertyInspector+CoreData.h"; sourceTree = "<group>"; };
		0F440D1715AE0EAB00FA2EA2 /* RKObjectPropertyInspector.h */ = {isa = PBXFileReference; name = RKObjectPropertyInspector.h; path = dependencies/RestKit/include/RestKit/RKObjectPropertyInspector.h; sourceTree = "<group>"; };
		0F440D1815AE0EAB00FA2EA2 /* RKObjectRelationshipMapping.h */ = {isa = PBXFileReference; name = RKObjectRelationshipMapping.h; path = dependencies/RestKit/include/RestKit/RKObjectRelationshipMapping.h; sourceTree = "<group>"; };
		0F440D1915AE0EAB00FA2EA2 /* RKObjectRouter.h */ = {isa = PBXFileReference; name = RKObjectRouter.h; path = dependencies/RestKit/include/RestKit/RKObjectRouter.h; sourceTree = "<group>"; };
		0F440D1A15AE0EAB00FA2EA2 /* RKObjectSerializer.h */ = {isa = PBXFileReference; name = RKObjectSerializer.h; path = dependencies/RestKit/include/RestKit/RKObjectSerializer.h; sourceTree = "<group>"; };
		0F440D1B15AE0EAB00FA2EA2 /* RKParams.h */ = {isa = PBXFileReference; name = RKParams.h; path = dependencies/RestKit/include/RestKit/RKParams.h; sourceTree = "<group>"; };
		0F440D1C15AE0EAB00FA2EA2 /* RKParamsAttachment.h */ = {isa = PBXFileReference; name = RKParamsAttachment.h; path = dependencies/RestKit/include/RestKit/RKParamsAttachment.h; sourceTree = "<group>"; };
		0F440D1D15AE0EAB00FA2EA2 /* RKParser.h */ = {isa = PBXFileReference; name = RKParser.h; path = dependencies/RestKit/include/RestKit/RKParser.h; sourceTree = "<group>"; };
		0F440D1E15AE0EAB00FA2EA2 /* RKParserRegistry.h */ = {isa = PBXFileReference; name = RKParserRegistry.h; path = dependencies/RestKit/include/RestKit/RKParserRegistry.h; sourceTree = "<group>"; };
		0F440D1F15AE0EAB00FA2EA2 /* RKPathMatcher.h */ = {isa = PBXFileReference; name = RKPathMatcher.h; path = dependencies/RestKit/include/RestKit/RKPathMatcher.h; sourceTree = "<group>"; };
		0F440D2015AE0EAB00FA2EA2 /* RKReachabilityObserver.h */ = {isa = PBXFileReference; name = RKReachabilityObserver.h; path = dependencies/RestKit/include/RestKit/RKReachabilityObserver.h; sourceTree = "<group>"; };
		0F440D2115AE0EAB00FA2EA2 /* RKRequest.h */ = {isa = PBXFileReference; name = RKRequest.h; path = dependencies/RestKit/include/RestKit/RKRequest.h; sourceTree = "<group>"; };
		0F440D2215AE0EAB00FA2EA2 /* RKRequest_Internals.h */ = {isa = PBXFileReference; name = RKRequest_Internals.h; path = dependencies/RestKit/include/RestKit/RKRequest_Internals.h; sourceTree = "<group>"; };
		0F440D2315AE0EAB00FA2EA2 /* RKRequestCache.h */ = {isa = PBXFileReference; name = RKRequestCache.h; path = dependencies/RestKit/include/RestKit/RKRequestCache.h; sourceTree = "<group>"; };
		0F440D2415AE0EAB00FA2EA2 /* RKRequestQueue.h */ = {isa = PBXFileReference; name = RKRequestQueue.h; path = dependencies/RestKit/include/RestKit/RKRequestQueue.h; sourceTree = "<group>"; };
		0F440D2515AE0EAB00FA2EA2 /* RKRequestSerializable.h */ = {isa = PBXFileReference; name = RKRequestSerializable.h; path = dependencies/RestKit/include/RestKit/RKRequestSerializable.h; sourceTree = "<group>"; };
		0F440D2615AE0EAB00FA2EA2 /* RKRequestSerialization.h */ = {isa = PBXFileReference; name = RKRequestSerialization.h; path = dependencies/RestKit/include/RestKit/RKRequestSerialization.h; sourceTree = "<group>"; };
		0F440D2715AE0EAB00FA2EA2 /* RKResponse.h */ = {isa = PBXFileReference; name = RKResponse.h; path = dependencies/RestKit/include/RestKit/RKResponse.h; sourceTree = "<group>"; };
		0F440D2815AE0EAB00FA2EA2 /* RKRouter.h */ = {isa = PBXFileReference; name = RKRouter.h; path = dependencies/RestKit/include/RestKit/RKRouter.h; sourceTree = "<group>"; };
		0F440D2915AE0EAB00FA2EA2 /* RKSearchEngine.h */ = {isa = PBXFileReference; name = RKSearchEngine.h; path = dependencies/RestKit/include/RestKit/RKSearchEngine.h; sourceTree = "<group>"; };
		0F440D2A15AE0EAB00FA2EA2 /* RKURL.h */ = {isa = PBXFileReference; name = RKURL.h; path = dependencies/RestKit/include/RestKit/RKURL.h; sourceTree = "<group>"; };
		0F440D2B15AE0EAB00FA2EA2 /* RKXMLParserLibXML.h */ = {isa = PBXFileReference; name = RKXMLParserLibXML.h; path = dependencies/RestKit/include/RestKit/RKXMLParserLibXML.h; sourceTree = "<group>"; };
		0F440D2C15AE0EAB00FA2EA2 /* SOCKit.h */ = {isa = PBXFileReference; name = SOCKit.h; path = dependencies/RestKit/include/RestKit/SOCKit.h; sourceTree = "<group>"; };
		0F440D2D15AE0EAB00FA2EA2 /* Support.h */ = {isa = PBXFileReference; name = Support.h; path = dependencies/RestKit/include/RestKit/Support.h; sourceTree = "<group>"; };
		0F440D2E15AE0EAB00FA2EA2 /* libRestKit.a */ = {isa = PBXFileReference; lastKnownFileType = archive.ar; name = libRestKit.a; path = dependencies/RestKit/libRestKit.a; sourceTree = "<group>"; };
		0F440D3315AE0EAB00FA2EA2 /* SFOAuthCoordinator.h */ = {isa = PBXFileReference; name = SFOAuthCoordinator.h; path = dependencies/SalesforceOAuth/Headers/SalesforceOAuth/SFOAuthCoordinator.h; sourceTree = "<group>"; };
		0F440D3415AE0EAB00FA2EA2 /* SFOAuthCredentials.h */ = {isa = PBXFileReference; name = SFOAuthCredentials.h; path = dependencies/SalesforceOAuth/Headers/SalesforceOAuth/SFOAuthCredentials.h; sourceTree = "<group>"; };
		0F440D3515AE0EAB00FA2EA2 /* libSalesforceOAuth.a */ = {isa = PBXFileReference; lastKnownFileType = archive.ar; name = libSalesforceOAuth.a; path = dependencies/SalesforceOAuth/Libraries/libSalesforceOAuth.a; sourceTree = "<group>"; };
		0F440D3A15AE0EAB00FA2EA2 /* SalesforceSDKConstants.h */ = {isa = PBXFileReference; name = SalesforceSDKConstants.h; path = dependencies/SalesforceSDK/include/SalesforceSDK/SalesforceSDKConstants.h; sourceTree = "<group>"; };
		0F440D3B15AE0EAB00FA2EA2 /* SFApplication.h */ = {isa = PBXFileReference; name = SFApplication.h; path = dependencies/SalesforceSDK/include/SalesforceSDK/SFApplication.h; sourceTree = "<group>"; };
		0F440D3C15AE0EAB00FA2EA2 /* SFAuthorizingViewController.h */ = {isa = PBXFileReference; name = SFAuthorizingViewController.h; path = dependencies/SalesforceSDK/include/SalesforceSDK/SFAuthorizingViewController.h; sourceTree = "<group>"; };
		0F440D3D15AE0EAB00FA2EA2 /* SFIdentityCoordinator.h */ = {isa = PBXFileReference; name = SFIdentityCoordinator.h; path = dependencies/SalesforceSDK/include/SalesforceSDK/SFIdentityCoordinator.h; sourceTree = "<group>"; };
		0F440D3E15AE0EAB00FA2EA2 /* SFIdentityData.h */ = {isa = PBXFileReference; name = SFIdentityData.h; path = dependencies/SalesforceSDK/include/SalesforceSDK/SFIdentityData.h; sourceTree = "<group>"; };
		0F440D3F15AE0EAB00FA2EA2 /* SFLogger.h */ = {isa = PBXFileReference; name = SFLogger.h; path = dependencies/SalesforceSDK/include/SalesforceSDK/SFLogger.h; sourceTree = "<group>"; };
		0F440D4015AE0EAB00FA2EA2 /* SFNativeRestAppDelegate.h */ = {isa = PBXFileReference; name = SFNativeRestAppDelegate.h; path = dependencies/SalesforceSDK/include/SalesforceSDK/SFNativeRestAppDelegate.h; sourceTree = "<group>"; };
		0F440D4115AE0EAB00FA2EA2 /* SFNativeRootViewController.h */ = {isa = PBXFileReference; name = SFNativeRootViewController.h; path = dependencies/SalesforceSDK/include/SalesforceSDK/SFNativeRootViewController.h; sourceTree = "<group>"; };
		0F440D4215AE0EAB00FA2EA2 /* SFRestAPI.h */ = {isa = PBXFileReference; name = SFRestAPI.h; path = dependencies/SalesforceSDK/include/SalesforceSDK/SFRestAPI.h; sourceTree = "<group>"; };
		0F440D4315AE0EAB00FA2EA2 /* SFRestAPI+Blocks.h */ = {isa = PBXFileReference; name = "SFRestAPI+Blocks.h"; path = "dependencies/SalesforceSDK/include/SalesforceSDK/SFRestAPI+Blocks.h"; sourceTree = "<group>"; };
		0F440D4415AE0EAB00FA2EA2 /* SFRestAPI+QueryBuilder.h */ = {isa = PBXFileReference; name = "SFRestAPI+QueryBuilder.h"; path = "dependencies/SalesforceSDK/include/SalesforceSDK/SFRestAPI+QueryBuilder.h"; sourceTree = "<group>"; };
		0F440D4515AE0EAB00FA2EA2 /* SFRestRequest.h */ = {isa = PBXFileReference; name = SFRestRequest.h; path = dependencies/SalesforceSDK/include/SalesforceSDK/SFRestRequest.h; sourceTree = "<group>"; };
		0F440D4615AE0EAB00FA2EA2 /* libSalesforceSDK.a */ = {isa = PBXFileReference; lastKnownFileType = archive.ar; name = libSalesforceSDK.a; path = dependencies/SalesforceSDK/libSalesforceSDK.a; sourceTree = "<group>"; };
		0F440D4A15AE0EAB00FA2EA2 /* icon-72.png */ = {isa = PBXFileReference; lastKnownFileType = image.png; name = "icon-72.png"; path = "Resources/icons/icon-72.png"; sourceTree = "<group>"; };
		0F440D4C15AE0EAB00FA2EA2 /* icon.png */ = {isa = PBXFileReference; lastKnownFileType = image.png; name = icon.png; path = Resources/icons/icon.png; sourceTree = "<group>"; };
		0F440D4E15AE0EAB00FA2EA2 /* icon@2x.png */ = {isa = PBXFileReference; lastKnownFileType = image.png; name = "icon@2x.png"; path = "Resources/icons/icon@2x.png"; sourceTree = "<group>"; };
		0F440D5115AE0EAB00FA2EA2 /* Default-Landscape~ipad.png */ = {isa = PBXFileReference; lastKnownFileType = image.png; name = "Default-Landscape~ipad.png"; path = "Resources/splash/Default-Landscape~ipad.png"; sourceTree = "<group>"; };
		0F440D5315AE0EAB00FA2EA2 /* Default-Portrait~ipad.png */ = {isa = PBXFileReference; lastKnownFileType = image.png; name = "Default-Portrait~ipad.png"; path = "Resources/splash/Default-Portrait~ipad.png"; sourceTree = "<group>"; };
		0F440D5515AE0EAB00FA2EA2 /* Default.png */ = {isa = PBXFileReference; lastKnownFileType = image.png; name = Default.png; path = Resources/splash/Default.png; sourceTree = "<group>"; };
		0F440D5715AE0EAB00FA2EA2 /* Default@2x.png */ = {isa = PBXFileReference; lastKnownFileType = image.png; name = "Default@2x.png"; path = "Resources/splash/Default@2x.png"; sourceTree = "<group>"; };
		0F440D5915AE0EAB00FA2EA2 /* Default~iPad.png */ = {isa = PBXFileReference; lastKnownFileType = image.png; name = "Default~iPad.png"; path = "Resources/splash/Default~iPad.png"; sourceTree = "<group>"; };
		0F440D5B15AE0EAB00FA2EA2 /* readme.txt */ = {isa = PBXFileReference; lastKnownFileType = text; path = readme.txt; sourceTree = "<group>"; };
		0F440D5E15AE0EAB00FA2EA2 /* AppDelegate.h */ = {isa = PBXFileReference; name = AppDelegate.h; path = Classes/AppDelegate.h; sourceTree = "<group>"; };
		0F440D5F15AE0EAB00FA2EA2 /* AppDelegate.m */ = {isa = PBXFileReference; lastKnownFileType = sourcecode.c.objc; name = AppDelegate.m; path = Classes/AppDelegate.m; sourceTree = "<group>"; };
		0F440D6115AE0EAB00FA2EA2 /* RootViewController.h */ = {isa = PBXFileReference; name = RootViewController.h; path = Classes/RootViewController.h; sourceTree = "<group>"; };
		0F440D6215AE0EAB00FA2EA2 /* RootViewController.m */ = {isa = PBXFileReference; lastKnownFileType = sourcecode.c.objc; name = RootViewController.m; path = Classes/RootViewController.m; sourceTree = "<group>"; };
		0F440D6515AE0EAB00FA2EA2 /* SFAuthorizingViewController.xib */ = {isa = PBXFileReference; lastKnownFileType = file.xib; name = SFAuthorizingViewController.xib; path = NativeRestApp/SFAuthorizingViewController.xib; sourceTree = "<group>"; };
		0F440D6715AE0EAB00FA2EA2 /* SFNativeRootViewController.xib */ = {isa = PBXFileReference; lastKnownFileType = file.xib; name = SFNativeRootViewController.xib; path = NativeRestApp/SFNativeRootViewController.xib; sourceTree = "<group>"; };
		0F440D6915AE0EAB00FA2EA2 /* libxml2.dylib */ = {isa = PBXFileReference; lastKnownFileType = "compiled.mach-o.dylib"; name = libxml2.dylib; path = /usr/lib/libxml2.dylib; sourceTree = SDKROOT; };
		0F440D6B15AE0EAB00FA2EA2 /* libsqlite3.dylib */ = {isa = PBXFileReference; lastKnownFileType = "compiled.mach-o.dylib"; name = libsqlite3.dylib; path = /usr/lib/libsqlite3.dylib; sourceTree = SDKROOT; };
		0F440D6D15AE0EAB00FA2EA2 /* libz.dylib */ = {isa = PBXFileReference; lastKnownFileType = "compiled.mach-o.dylib"; name = libz.dylib; path = /usr/lib/libz.dylib; sourceTree = SDKROOT; };
		0F440D6F15AE0EAB00FA2EA2 /* Settings.bundle */ = {isa = PBXFileReference; lastKnownFileType = "wrapper.plug-in"; path = Settings.bundle; sourceTree = "<group>"; };
/* End PBXFileReference section */

/* Begin PBXFrameworksBuildPhase section */
		0F440CB715AE0EAA00FA2EA2 /* Frameworks */ = {
			isa = PBXFrameworksBuildPhase;
			buildActionMask = 2147483647;
			files = (
				0F440CC015AE0EAA00FA2EA2 /* CoreData.framework in Frameworks */,
				0F440CC215AE0EAA00FA2EA2 /* SystemConfiguration.framework in Frameworks */,
				0F440CC415AE0EAA00FA2EA2 /* Security.framework in Frameworks */,
				0F440CC615AE0EAA00FA2EA2 /* UIKit.framework in Frameworks */,
				0F440CC815AE0EAA00FA2EA2 /* Foundation.framework in Frameworks */,
				0F440CCA15AE0EAA00FA2EA2 /* CoreGraphics.framework in Frameworks */,
				0F440CCC15AE0EAA00FA2EA2 /* CFNetwork.framework in Frameworks */,
				0F440CCE15AE0EAA00FA2EA2 /* MobileCoreServices.framework in Frameworks */,
				0F440D2F15AE0EAB00FA2EA2 /* libRestKit.a in Frameworks */,
				0F440D3615AE0EAB00FA2EA2 /* libSalesforceOAuth.a in Frameworks */,
				0F440D4715AE0EAB00FA2EA2 /* libSalesforceSDK.a in Frameworks */,
				0F440D6A15AE0EAB00FA2EA2 /* libxml2.dylib in Frameworks */,
				0F440D6C15AE0EAB00FA2EA2 /* libsqlite3.dylib in Frameworks */,
				0F440D6E15AE0EAB00FA2EA2 /* libz.dylib in Frameworks */,
			);
			runOnlyForDeploymentPostprocessing = 0;
		};
/* End PBXFrameworksBuildPhase section */

/* Begin PBXGroup section */
		0F440CAF15AE0EAA00FA2EA2 = {
			isa = PBXGroup;
			children = (
				0F440CCF15AE0EAA00FA2EA2 /* Scan */,
				0F440CBE15AE0EAA00FA2EA2 /* Frameworks */,
				0F440CBC15AE0EAA00FA2EA2 /* Products */,
			);
			sourceTree = "<group>";
		};
		0F440CBC15AE0EAA00FA2EA2 /* Products */ = {
			isa = PBXGroup;
			children = (
				0F440CBB15AE0EAA00FA2EA2 /* Scan.app */,
			);
			name = Products;
			sourceTree = "<group>";
		};
		0F440CBE15AE0EAA00FA2EA2 /* Frameworks */ = {
			isa = PBXGroup;
			children = (
				0F440CBF15AE0EAA00FA2EA2 /* CoreData.framework */,
				0F440CC115AE0EAA00FA2EA2 /* SystemConfiguration.framework */,
				0F440CC315AE0EAA00FA2EA2 /* Security.framework */,
				0F440CC515AE0EAA00FA2EA2 /* UIKit.framework */,
				0F440CC715AE0EAA00FA2EA2 /* Foundation.framework */,
				0F440CC915AE0EAA00FA2EA2 /* CoreGraphics.framework */,
				0F440CCB15AE0EAA00FA2EA2 /* CFNetwork.framework */,
				0F440CCD15AE0EAA00FA2EA2 /* MobileCoreServices.framework */,
			);
			name = Frameworks;
			sourceTree = "<group>";
		};
		0F440CCF15AE0EAA00FA2EA2 /* Scan */ = {
			isa = PBXGroup;
			children = (
				0F440D5B15AE0EAB00FA2EA2 /* readme.txt */,
				0F440D6F15AE0EAB00FA2EA2 /* Settings.bundle */,
				0F440CD915AE0EAA00FA2EA2 /* dependencies */,
				0F440D4815AE0EAB00FA2EA2 /* Resources */,
				0F440D5D15AE0EAB00FA2EA2 /* Classes */,
				0F440D6415AE0EAB00FA2EA2 /* NativeRestApp */,
				0F440CD015AE0EAA00FA2EA2 /* Supporting Files */,
			);
			path = Scan;
			sourceTree = "<group>";
		};
		0F440CD015AE0EAA00FA2EA2 /* Supporting Files */ = {
			isa = PBXGroup;
			children = (
				0F440CD115AE0EAA00FA2EA2 /* Scan-Info.plist */,
				0F440CD215AE0EAA00FA2EA2 /* InfoPlist.strings */,
				0F440CD515AE0EAA00FA2EA2 /* main.m */,
				0F440CD715AE0EAA00FA2EA2 /* Scan-Prefix.pch */,
			);
			name = "Supporting Files";
			sourceTree = "<group>";
		};
		0F440CD915AE0EAA00FA2EA2 /* dependencies */ = {
			isa = PBXGroup;
			children = (
				0F440D6915AE0EAB00FA2EA2 /* libxml2.dylib */,
				0F440D6B15AE0EAB00FA2EA2 /* libsqlite3.dylib */,
				0F440D6D15AE0EAB00FA2EA2 /* libz.dylib */,
				0F440CDA15AE0EAA00FA2EA2 /* RestKit */,
				0F440D3015AE0EAB00FA2EA2 /* SalesforceOAuth */,
				0F440D3715AE0EAB00FA2EA2 /* SalesforceSDK */,
			);
			name = dependencies;
			sourceTree = "<group>";
		};
		0F440CDA15AE0EAA00FA2EA2 /* RestKit */ = {
			isa = PBXGroup;
			children = (
				0F440D2E15AE0EAB00FA2EA2 /* libRestKit.a */,
				0F440CDB15AE0EAA00FA2EA2 /* include */,
			);
			name = RestKit;
			sourceTree = "<group>";
		};
		0F440CDB15AE0EAA00FA2EA2 /* include */ = {
			isa = PBXGroup;
			children = (
				0F440CDC15AE0EAA00FA2EA2 /* RestKit */,
			);
			name = include;
			sourceTree = "<group>";
		};
		0F440CDC15AE0EAA00FA2EA2 /* RestKit */ = {
			isa = PBXGroup;
			children = (
				0F440CDD15AE0EAA00FA2EA2 /* CoreData.h */,
				0F440CDE15AE0EAA00FA2EA2 /* Errors.h */,
				0F440CDF15AE0EAA00FA2EA2 /* FileMD5Hash.h */,
				0F440CE015AE0EAA00FA2EA2 /* GCOAuth.h */,
				0F440CE115AE0EAA00FA2EA2 /* JSONKit.h */,
				0F440CE215AE0EAA00FA2EA2 /* lcl.h */,
				0F440CE315AE0EAB00FA2EA2 /* lcl_config_components.h */,
				0F440CE415AE0EAB00FA2EA2 /* lcl_config_components.template.h */,
				0F440CE515AE0EAB00FA2EA2 /* lcl_config_extensions.h */,
				0F440CE615AE0EAB00FA2EA2 /* lcl_config_extensions.template.h */,
				0F440CE715AE0EAB00FA2EA2 /* lcl_config_logger.h */,
				0F440CE815AE0EAB00FA2EA2 /* lcl_config_logger.template.h */,
				0F440CE915AE0EAB00FA2EA2 /* LCLNSLog.h */,
				0F440CEA15AE0EAB00FA2EA2 /* Network.h */,
				0F440CEB15AE0EAB00FA2EA2 /* NSData+Base64.h */,
				0F440CEC15AE0EAB00FA2EA2 /* NSData+MD5.h */,
				0F440CED15AE0EAB00FA2EA2 /* NSDictionary+RKAdditions.h */,
				0F440CEE15AE0EAB00FA2EA2 /* NSDictionary+RKRequestSerialization.h */,
				0F440CEF15AE0EAB00FA2EA2 /* NSManagedObject+ActiveRecord.h */,
				0F440CF015AE0EAB00FA2EA2 /* NSString+MD5.h */,
				0F440CF115AE0EAB00FA2EA2 /* NSString+RestKit.h */,
				0F440CF215AE0EAB00FA2EA2 /* NSURL+RestKit.h */,
				0F440CF315AE0EAB00FA2EA2 /* ObjectMapping.h */,
				0F440CF415AE0EAB00FA2EA2 /* RestKit.h */,
				0F440CF515AE0EAB00FA2EA2 /* RKAlert.h */,
				0F440CF615AE0EAB00FA2EA2 /* RKClient.h */,
				0F440CF715AE0EAB00FA2EA2 /* RKConfigurationDelegate.h */,
				0F440CF815AE0EAB00FA2EA2 /* RKDirectory.h */,
				0F440CF915AE0EAB00FA2EA2 /* RKDotNetDateFormatter.h */,
				0F440CFA15AE0EAB00FA2EA2 /* RKDynamicObjectMapping.h */,
				0F440CFB15AE0EAB00FA2EA2 /* RKErrorMessage.h */,
				0F440CFC15AE0EAB00FA2EA2 /* RKFixCategoryBug.h */,
				0F440CFD15AE0EAB00FA2EA2 /* RKJSONParserJSONKit.h */,
				0F440CFE15AE0EAB00FA2EA2 /* RKLog.h */,
				0F440CFF15AE0EAB00FA2EA2 /* RKManagedObjectCache.h */,
				0F440D0015AE0EAB00FA2EA2 /* RKManagedObjectLoader.h */,
				0F440D0115AE0EAB00FA2EA2 /* RKManagedObjectMapping.h */,
				0F440D0215AE0EAB00FA2EA2 /* RKManagedObjectMappingOperation.h */,
				0F440D0315AE0EAB00FA2EA2 /* RKManagedObjectSeeder.h */,
				0F440D0415AE0EAB00FA2EA2 /* RKManagedObjectStore.h */,
				0F440D0515AE0EAB00FA2EA2 /* RKManagedObjectThreadSafeInvocation.h */,
				0F440D0615AE0EAB00FA2EA2 /* RKMappingOperationQueue.h */,
				0F440D0715AE0EAB00FA2EA2 /* RKMIMETypes.h */,
				0F440D0815AE0EAB00FA2EA2 /* RKNotifications.h */,
				0F440D0915AE0EAB00FA2EA2 /* RKOAuthClient.h */,
				0F440D0A15AE0EAB00FA2EA2 /* RKObjectAttributeMapping.h */,
				0F440D0B15AE0EAB00FA2EA2 /* RKObjectLoader.h */,
				0F440D0C15AE0EAB00FA2EA2 /* RKObjectLoader_Internals.h */,
				0F440D0D15AE0EAB00FA2EA2 /* RKObjectManager.h */,
				0F440D0E15AE0EAB00FA2EA2 /* RKObjectMapper.h */,
				0F440D0F15AE0EAB00FA2EA2 /* RKObjectMapper_Private.h */,
				0F440D1015AE0EAB00FA2EA2 /* RKObjectMapperError.h */,
				0F440D1115AE0EAB00FA2EA2 /* RKObjectMapping.h */,
				0F440D1215AE0EAB00FA2EA2 /* RKObjectMappingDefinition.h */,
				0F440D1315AE0EAB00FA2EA2 /* RKObjectMappingOperation.h */,
				0F440D1415AE0EAB00FA2EA2 /* RKObjectMappingProvider.h */,
				0F440D1515AE0EAB00FA2EA2 /* RKObjectMappingResult.h */,
				0F440D1615AE0EAB00FA2EA2 /* RKObjectPropertyInspector+CoreData.h */,
				0F440D1715AE0EAB00FA2EA2 /* RKObjectPropertyInspector.h */,
				0F440D1815AE0EAB00FA2EA2 /* RKObjectRelationshipMapping.h */,
				0F440D1915AE0EAB00FA2EA2 /* RKObjectRouter.h */,
				0F440D1A15AE0EAB00FA2EA2 /* RKObjectSerializer.h */,
				0F440D1B15AE0EAB00FA2EA2 /* RKParams.h */,
				0F440D1C15AE0EAB00FA2EA2 /* RKParamsAttachment.h */,
				0F440D1D15AE0EAB00FA2EA2 /* RKParser.h */,
				0F440D1E15AE0EAB00FA2EA2 /* RKParserRegistry.h */,
				0F440D1F15AE0EAB00FA2EA2 /* RKPathMatcher.h */,
				0F440D2015AE0EAB00FA2EA2 /* RKReachabilityObserver.h */,
				0F440D2115AE0EAB00FA2EA2 /* RKRequest.h */,
				0F440D2215AE0EAB00FA2EA2 /* RKRequest_Internals.h */,
				0F440D2315AE0EAB00FA2EA2 /* RKRequestCache.h */,
				0F440D2415AE0EAB00FA2EA2 /* RKRequestQueue.h */,
				0F440D2515AE0EAB00FA2EA2 /* RKRequestSerializable.h */,
				0F440D2615AE0EAB00FA2EA2 /* RKRequestSerialization.h */,
				0F440D2715AE0EAB00FA2EA2 /* RKResponse.h */,
				0F440D2815AE0EAB00FA2EA2 /* RKRouter.h */,
				0F440D2915AE0EAB00FA2EA2 /* RKSearchEngine.h */,
				0F440D2A15AE0EAB00FA2EA2 /* RKURL.h */,
				0F440D2B15AE0EAB00FA2EA2 /* RKXMLParserLibXML.h */,
				0F440D2C15AE0EAB00FA2EA2 /* SOCKit.h */,
				0F440D2D15AE0EAB00FA2EA2 /* Support.h */,
			);
			name = RestKit;
			sourceTree = "<group>";
		};
		0F440D3015AE0EAB00FA2EA2 /* SalesforceOAuth */ = {
			isa = PBXGroup;
			children = (
				0F440D3515AE0EAB00FA2EA2 /* libSalesforceOAuth.a */,
				0F440D3115AE0EAB00FA2EA2 /* include */,
			);
			name = SalesforceOAuth;
			sourceTree = "<group>";
		};
		0F440D3115AE0EAB00FA2EA2 /* include */ = {
			isa = PBXGroup;
			children = (
				0F440D3215AE0EAB00FA2EA2 /* SalesforceOAuth */,
			);
			name = include;
			sourceTree = "<group>";
		};
		0F440D3215AE0EAB00FA2EA2 /* SalesforceOAuth */ = {
			isa = PBXGroup;
			children = (
				0F440D3315AE0EAB00FA2EA2 /* SFOAuthCoordinator.h */,
				0F440D3415AE0EAB00FA2EA2 /* SFOAuthCredentials.h */,
			);
			name = SalesforceOAuth;
			sourceTree = "<group>";
		};
		0F440D3715AE0EAB00FA2EA2 /* SalesforceSDK */ = {
			isa = PBXGroup;
			children = (
				0F440D4615AE0EAB00FA2EA2 /* libSalesforceSDK.a */,
				0F440D3815AE0EAB00FA2EA2 /* include */,
			);
			name = SalesforceSDK;
			sourceTree = "<group>";
		};
		0F440D3815AE0EAB00FA2EA2 /* include */ = {
			isa = PBXGroup;
			children = (
				0F440D3915AE0EAB00FA2EA2 /* SalesforceSDK */,
			);
			name = include;
			sourceTree = "<group>";
		};
		0F440D3915AE0EAB00FA2EA2 /* SalesforceSDK */ = {
			isa = PBXGroup;
			children = (
				0F440D3A15AE0EAB00FA2EA2 /* SalesforceSDKConstants.h */,
				0F440D3B15AE0EAB00FA2EA2 /* SFApplication.h */,
				0F440D3C15AE0EAB00FA2EA2 /* SFAuthorizingViewController.h */,
				0F440D3D15AE0EAB00FA2EA2 /* SFIdentityCoordinator.h */,
				0F440D3E15AE0EAB00FA2EA2 /* SFIdentityData.h */,
				0F440D3F15AE0EAB00FA2EA2 /* SFLogger.h */,
				0F440D4015AE0EAB00FA2EA2 /* SFNativeRestAppDelegate.h */,
				0F440D4115AE0EAB00FA2EA2 /* SFNativeRootViewController.h */,
				0F440D4215AE0EAB00FA2EA2 /* SFRestAPI.h */,
				0F440D4315AE0EAB00FA2EA2 /* SFRestAPI+Blocks.h */,
				0F440D4415AE0EAB00FA2EA2 /* SFRestAPI+QueryBuilder.h */,
				0F440D4515AE0EAB00FA2EA2 /* SFRestRequest.h */,
			);
			name = SalesforceSDK;
			sourceTree = "<group>";
		};
		0F440D4815AE0EAB00FA2EA2 /* Resources */ = {
			isa = PBXGroup;
			children = (
				0F440D4915AE0EAB00FA2EA2 /* icons */,
				0F440D5015AE0EAB00FA2EA2 /* splash */,
			);
			name = Resources;
			sourceTree = "<group>";
		};
		0F440D4915AE0EAB00FA2EA2 /* icons */ = {
			isa = PBXGroup;
			children = (
				0F440D4A15AE0EAB00FA2EA2 /* icon-72.png */,
				0F440D4C15AE0EAB00FA2EA2 /* icon.png */,
				0F440D4E15AE0EAB00FA2EA2 /* icon@2x.png */,
			);
			name = icons;
			sourceTree = "<group>";
		};
		0F440D5015AE0EAB00FA2EA2 /* splash */ = {
			isa = PBXGroup;
			children = (
				0F440D5115AE0EAB00FA2EA2 /* Default-Landscape~ipad.png */,
				0F440D5315AE0EAB00FA2EA2 /* Default-Portrait~ipad.png */,
				0F440D5515AE0EAB00FA2EA2 /* Default.png */,
				0F440D5715AE0EAB00FA2EA2 /* Default@2x.png */,
				0F440D5915AE0EAB00FA2EA2 /* Default~iPad.png */,
			);
			name = splash;
			sourceTree = "<group>";
		};
		0F440D5D15AE0EAB00FA2EA2 /* Classes */ = {
			isa = PBXGroup;
			children = (
				0F440D5E15AE0EAB00FA2EA2 /* AppDelegate.h */,
				0F440D5F15AE0EAB00FA2EA2 /* AppDelegate.m */,
				0F440D6115AE0EAB00FA2EA2 /* RootViewController.h */,
				0F440D6215AE0EAB00FA2EA2 /* RootViewController.m */,
			);
			name = Classes;
			sourceTree = "<group>";
		};
		0F440D6415AE0EAB00FA2EA2 /* NativeRestApp */ = {
			isa = PBXGroup;
			children = (
				0F440D6515AE0EAB00FA2EA2 /* SFAuthorizingViewController.xib */,
				0F440D6715AE0EAB00FA2EA2 /* SFNativeRootViewController.xib */,
			);
			name = NativeRestApp;
			sourceTree = "<group>";
		};
/* End PBXGroup section */

/* Begin PBXNativeTarget section */
		0F440CBA15AE0EAA00FA2EA2 /* Scan */ = {
			isa = PBXNativeTarget;
			buildConfigurationList = 0F440D7315AE0EAB00FA2EA2 /* Build configuration list for PBXNativeTarget "Scan" */;
			buildPhases = (
				0F440CB615AE0EAA00FA2EA2 /* Sources */,
				0F440CB715AE0EAA00FA2EA2 /* Frameworks */,
				0F440CB815AE0EAA00FA2EA2 /* Resources */,
				0F440CB915AE0EAA00FA2EA2 /* Sources */,
			);
			buildRules = (
			);
			dependencies = (
			);
			name = Scan;
			productName = Scan;
			productReference = 0F440CBB15AE0EAA00FA2EA2 /* Scan.app */;
			productType = "com.apple.product-type.application";
		};
/* End PBXNativeTarget section */

/* Begin PBXProject section */
		0F440CB115AE0EAA00FA2EA2 /* Project object */ = {
			isa = PBXProject;
			attributes = {
				LastUpgradeCheck = 0430;
			};
			buildConfigurationList = 0F440CB415AE0EAA00FA2EA2 /* Build configuration list for PBXProject "Scan" */;
			compatibilityVersion = "Xcode 3.2";
			developmentRegion = English;
			hasScannedForEncodings = 0;
			knownRegions = (
				en,
			);
			mainGroup = 0F440CAF15AE0EAA00FA2EA2;
			productRefGroup = 0F440CBC15AE0EAA00FA2EA2 /* Products */;
			projectDirPath = "";
			projectRoot = "";
			targets = (
				0F440CBA15AE0EAA00FA2EA2 /* Scan */,
			);
		};
/* End PBXProject section */

/* Begin PBXResourcesBuildPhase section */
		0F440CB815AE0EAA00FA2EA2 /* Resources */ = {
			isa = PBXResourcesBuildPhase;
			buildActionMask = 2147483647;
			files = (
				0F440CD415AE0EAA00FA2EA2 /* InfoPlist.strings in Resources */,
				0F440CD815AE0EAA00FA2EA2 /* Scan-Prefix.pch in Resources */,
				0F440D4B15AE0EAB00FA2EA2 /* icon-72.png in Resources */,
				0F440D4D15AE0EAB00FA2EA2 /* icon.png in Resources */,
				0F440D4F15AE0EAB00FA2EA2 /* icon@2x.png in Resources */,
				0F440D5215AE0EAB00FA2EA2 /* Default-Landscape~ipad.png in Resources */,
				0F440D5415AE0EAB00FA2EA2 /* Default-Portrait~ipad.png in Resources */,
				0F440D5615AE0EAB00FA2EA2 /* Default.png in Resources */,
				0F440D5815AE0EAB00FA2EA2 /* Default@2x.png in Resources */,
				0F440D5A15AE0EAB00FA2EA2 /* Default~iPad.png in Resources */,
				0F440D5C15AE0EAB00FA2EA2 /* readme.txt in Resources */,
				0F440D6615AE0EAB00FA2EA2 /* SFAuthorizingViewController.xib in Resources */,
				0F440D6815AE0EAB00FA2EA2 /* SFNativeRootViewController.xib in Resources */,
				0F440D7015AE0EAB00FA2EA2 /* Settings.bundle in Resources */,
			);
			runOnlyForDeploymentPostprocessing = 0;
		};
/* End PBXResourcesBuildPhase section */

/* Begin PBXSourcesBuildPhase section */
		0F440CB615AE0EAA00FA2EA2 /* Sources */ = {
			isa = PBXSourcesBuildPhase;
			buildActionMask = 2147483647;
			files = (
				0F440CD615AE0EAA00FA2EA2 /* main.m in Sources */,
				0F440D6015AE0EAB00FA2EA2 /* AppDelegate.m in Sources */,
				0F440D6315AE0EAB00FA2EA2 /* RootViewController.m in Sources */,
			);
			runOnlyForDeploymentPostprocessing = 0;
		};
		0F440CB915AE0EAA00FA2EA2 /* Sources */ = {
			isa = PBXSourcesBuildPhase;
			buildActionMask = 2147483647;
			files = (
			);
			runOnlyForDeploymentPostprocessing = 0;
		};
/* End PBXSourcesBuildPhase section */

/* Begin PBXVariantGroup section */
		0F440CD215AE0EAA00FA2EA2 /* InfoPlist.strings */ = {
			isa = PBXVariantGroup;
			children = (
				0F440CD315AE0EAA00FA2EA2 /* en */,
			);
			name = InfoPlist.strings;
			sourceTree = "<group>";
		};
/* End PBXVariantGroup section */

/* Begin XCBuildConfiguration section */
		0F440D7115AE0EAB00FA2EA2 /* Debug */ = {
			isa = XCBuildConfiguration;
			buildSettings = {
				ALWAYS_SEARCH_USER_PATHS = NO;
				ARCHS = "$(ARCHS_STANDARD_32_BIT)";
				CLANG_ENABLE_OBJC_ARC = YES;
				CODE_SIGN_IDENTITY = "iPhone Developer";
				COPY_PHASE_STRIP = NO;
				GCC_C_LANGUAGE_STANDARD = gnu99;
				GCC_DYNAMIC_NO_PIC = NO;
				GCC_OPTIMIZATION_LEVEL = 0;
				GCC_PREPROCESSOR_DEFINITIONS = (
					"DEBUG=1",
					"$(inherited)",
				);
				GCC_SYMBOLS_PRIVATE_EXTERN = NO;
				GCC_VERSION = com.apple.compilers.llvm.clang.1_0;
				GCC_WARN_ABOUT_RETURN_TYPE = YES;
				GCC_WARN_UNINITIALIZED_AUTOS = YES;
				GCC_WARN_UNUSED_VARIABLE = YES;
				IPHONEOS_DEPLOYMENT_TARGET = 5.0;
				OTHER_LDFLAGS = (
					"-ObjC",
					"-all_load",
				);
				SDKROOT = iphoneos;
				TARGETED_DEVICE_FAMILY = "1,2";
			};
			name = Debug;
		};
		0F440D7215AE0EAB00FA2EA2 /* Release */ = {
			isa = XCBuildConfiguration;
			buildSettings = {
				ALWAYS_SEARCH_USER_PATHS = NO;
				ARCHS = "$(ARCHS_STANDARD_32_BIT)";
				CLANG_ENABLE_OBJC_ARC = YES;
				CODE_SIGN_IDENTITY = "iPhone Developer";
				COPY_PHASE_STRIP = YES;
				GCC_C_LANGUAGE_STANDARD = gnu99;
				GCC_VERSION = com.apple.compilers.llvm.clang.1_0;
				GCC_WARN_ABOUT_RETURN_TYPE = YES;
				GCC_WARN_UNINITIALIZED_AUTOS = YES;
				GCC_WARN_UNUSED_VARIABLE = YES;
				IPHONEOS_DEPLOYMENT_TARGET = 5.0;
				OTHER_LDFLAGS = (
					"-ObjC",
					"-all_load",
				);
				SDKROOT = iphoneos;
				TARGETED_DEVICE_FAMILY = "1,2";
				VALIDATE_PRODUCT = YES;
			};
			name = Release;
		};
		0F440D7415AE0EAB00FA2EA2 /* Debug */ = {
			isa = XCBuildConfiguration;
			buildSettings = {
				GCC_PRECOMPILE_PREFIX_HEADER = YES;
				GCC_PREFIX_HEADER = "Scan/Scan-Prefix.pch";
				INFOPLIST_FILE = "Scan/Scan-Info.plist";
				LIBRARY_SEARCH_PATHS = (
					"$(inherited)",
					"\"$(SRCROOT)/Scan/dependencies/RestKit\"",
					"\"$(SRCROOT)/Scan/dependencies/SalesforceOAuth/Libraries\"",
					"\"$(SRCROOT)/Scan/dependencies/SalesforceSDK\"",
					"\"$(SDKROOT)//usr/lib\"",
				);
				PRODUCT_NAME = "$(TARGET_NAME)";
				WRAPPER_EXTENSION = app;
			};
			name = Debug;
		};
		0F440D7515AE0EAB00FA2EA2 /* Release */ = {
			isa = XCBuildConfiguration;
			buildSettings = {
				GCC_PRECOMPILE_PREFIX_HEADER = YES;
				GCC_PREFIX_HEADER = "Scan/Scan-Prefix.pch";
				INFOPLIST_FILE = "Scan/Scan-Info.plist";
				LIBRARY_SEARCH_PATHS = (
					"$(inherited)",
					"\"$(SRCROOT)/Scan/dependencies/RestKit\"",
					"\"$(SRCROOT)/Scan/dependencies/SalesforceOAuth/Libraries\"",
					"\"$(SRCROOT)/Scan/dependencies/SalesforceSDK\"",
					"\"$(SDKROOT)//usr/lib\"",
				);
				PRODUCT_NAME = "$(TARGET_NAME)";
				WRAPPER_EXTENSION = app;
			};
			name = Release;
		};
/* End XCBuildConfiguration section */

/* Begin XCConfigurationList section */
		0F440CB415AE0EAA00FA2EA2 /* Build configuration list for PBXProject "Scan" */ = {
			isa = XCConfigurationList;
			buildConfigurations = (
				0F440D7115AE0EAB00FA2EA2 /* Debug */,
				0F440D7215AE0EAB00FA2EA2 /* Release */,
			);
			defaultConfigurationIsVisible = 0;
			defaultConfigurationName = Release;
		};
		0F440D7315AE0EAB00FA2EA2 /* Build configuration list for PBXNativeTarget "Scan" */ = {
			isa = XCConfigurationList;
			buildConfigurations = (
				0F440D7415AE0EAB00FA2EA2 /* Debug */,
				0F440D7515AE0EAB00FA2EA2 /* Release */,
			);
			defaultConfigurationIsVisible = 0;
		};
/* End XCConfigurationList section */
	};
	rootObject = 0F440CB115AE0EAA00FA2EA2 /* Project object */;
}
